
Microsoft Visual Studio Solution File, Format Version 12.00
# Visual Studio Version 17
VisualStudioVersion = 17.14.37502.11 d17.14
MinimumVisualStudioVersion = 10.0.40219.1
Project("{FAE04EC0-301F-11D3-BF4B-00C04F79EFBC}") = "Project1", "Project1\Project1.csproj", "{B08CE048-7230-4B0E-967F-22C0EB0D63CD}"
EndProject
Global
	GlobalSection(SolutionConfigurationPlatforms) = preSolution
		Debug|Any CPU = Debug|Any CPU
		Release|Any CPU = Release|Any CPU
	EndGlobalSection
	GlobalSection(ProjectConfigurationPlatforms) = postSolution
		{B08CE048-7230-4B0E-967F-22C0EB0D63CD}.Debug|Any CPU.ActiveCfg = Debug|Any CPU
		{B08CE048-7230-4B0E-967F-22C0EB0D63CD}.Debug|Any CPU.Build.0 = Debug|Any CPU
		{B08CE048-7230-4B0E-967F-22C0EB0D63CD}.Release|Any CPU.ActiveCfg = Release|Any CPU
		{B08CE048-7230-4B0E-967F-22C0EB0D63CD}.Release|Any CPU.Build.0 = Release|Any CPU
	EndGlobalSection
	GlobalSection(SolutionProperties) = preSolution
		HideSolutionNode = FALSE
	EndGlobalSection
	GlobalSection(ExtensibilityGlobals) = postSolution
		SolutionGuid = {9B055455-9EEF-4B6C-91F6-4AA8B8FFD34C}
	EndGlobalSection
EndGlobal
